Microsoft Visual Studio Solution File, Format Version 12.00
# Visual Studio Version 17
VisualStudioVersion = 17.5.2.0
MinimumVisualStudioVersion = 10.0.40219.1
Project("{FAE04EC0-301F-11D3-BF4B-00C04F79EFBC}") = "REPOUtility", "REPOUtility.csproj", "{6E6EE289-3E8E-C335-26A9-F9FB96176ED4}"
EndProject
Project("{2150E333-8FDC-42A3-9474-1A3956D46DE8}") = "tools", "tools", "{07C2787E-EAC7-C090-1BA3-A61EC2A24D84}"
EndProject
Project("{FAE04EC0-301F-11D3-BF4B-00C04F79EFBC}") = "Inspector", "tools\Inspector.csproj", "{028C42CF-1602-652E-0F52-323DA6DC4080}"
EndProject
Global
	GlobalSection(SolutionConfigurationPlatforms) = preSolution
		Debug|Any CPU = Debug|Any CPU
		Release|Any CPU = Release|Any CPU
	EndGlobalSection
	GlobalSection(ProjectConfigurationPlatforms) = postSolution
		{6E6EE289-3E8E-C335-26A9-F9FB96176ED4}.Debug|Any CPU.ActiveCfg = Debug|Any CPU
		{6E6EE289-3E8E-C335-26A9-F9FB96176ED4}.Debug|Any CPU.Build.0 = Debug|Any CPU
		{6E6EE289-3E8E-C335-26A9-F9FB96176ED4}.Release|Any CPU.ActiveCfg = Release|Any CPU
		{6E6EE289-3E8E-C335-26A9-F9FB96176ED4}.Release|Any CPU.Build.0 = Release|Any CPU
		{028C42CF-1602-652E-0F52-323DA6DC4080}.Debug|Any CPU.ActiveCfg = Debug|Any CPU
		{028C42CF-1602-652E-0F52-323DA6DC4080}.Debug|Any CPU.Build.0 = Debug|Any CPU
		{028C42CF-1602-652E-0F52-323DA6DC4080}.Release|Any CPU.ActiveCfg = Release|Any CPU
		{028C42CF-1602-652E-0F52-323DA6DC4080}.Release|Any CPU.Build.0 = Release|Any CPU
	EndGlobalSection
	GlobalSection(SolutionProperties) = preSolution
		HideSolutionNode = FALSE
	EndGlobalSection
	GlobalSection(NestedProjects) = preSolution
		{028C42CF-1602-652E-0F52-323DA6DC4080} = {07C2787E-EAC7-C090-1BA3-A61EC2A24D84}
	EndGlobalSection
	GlobalSection(ExtensibilityGlobals) = postSolution
		SolutionGuid = {D416ADC6-84CB-45C8-A644-8F1ACA5BC52C}
	EndGlobalSection
EndGlobal
